Microsoft Visual Studio Solution File, Format Version 12.00
# Visual Studio Version 17
VisualStudioVersion = 17.5.2.0
MinimumVisualStudioVersion = 10.0.40219.1
Project("{FAE04EC0-301F-11D3-BF4B-00C04F79EFBC}") = "InventoryWebSUT", "InventoryWebSUT.csproj", "{1823C3F7-D296-030D-7846-410228058507}"
EndProject
Global
	GlobalSection(SolutionConfigurationPlatforms) = preSolution
		Debug|Any CPU = Debug|Any CPU
		Release|Any CPU = Release|Any CPU
	EndGlobalSection
	GlobalSection(ProjectConfigurationPlatforms) = postSolution
		{1823C3F7-D296-030D-7846-410228058507}.Debug|Any CPU.ActiveCfg = Debug|Any CPU
		{1823C3F7-D296-030D-7846-410228058507}.Debug|Any CPU.Build.0 = Debug|Any CPU
		{1823C3F7-D296-030D-7846-410228058507}.Release|Any CPU.ActiveCfg = Release|Any CPU
		{1823C3F7-D296-030D-7846-410228058507}.Release|Any CPU.Build.0 = Release|Any CPU
	EndGlobalSection
	GlobalSection(SolutionProperties) = preSolution
		HideSolutionNode = FALSE
	EndGlobalSection
	GlobalSection(ExtensibilityGlobals) = postSolution
		SolutionGuid = {BFC245AF-FFBE-4B0E-A93F-317B2F7205B0}
	EndGlobalSection
EndGlobal
